// !$*UTF8*$!
{
	archiveVersion = 1;
	classes = {
	};
	objectVersion = 46;
	objects = {

/* Begin PBXBuildFile section */
		6336584C1D4FCED10014D164 /* Subclass1VC.m in Sources */ = {isa = PBXBuildFile; fileRef = 6336584B1D4FCED10014D164 /* Subclass1VC.m */; };
		6336584F1D4FCF290014D164 /* Subclass2VC.m in Sources */ = {isa = PBXBuildFile; fileRef = 6336584E1D4FCF290014D164 /* Subclass2VC.m */; };
		63C984261D42867900F7054D /* main.m in Sources */ = {isa = PBXBuildFile; fileRef = 63C984251D42867900F7054D /* main.m */; };
		63C984291D42867900F7054D /* AppDelegate.m in Sources */ = {isa = PBXBuildFile; fileRef = 63C984281D42867900F7054D /* AppDelegate.m */; };
		63C9842C1D42867900F7054D /* ExtendableViewController.m in Sources */ = {isa = PBXBuildFile; fileRef = 63C9842B1D42867900F7054D /* ExtendableViewController.m */; };
		63C9842F1D42867900F7054D /* Main.storyboard in Resources */ = {isa = PBXBuildFile; fileRef = 63C9842D1D42867900F7054D /* Main.storyboard */; };
		63C984311D42867900F7054D /* Assets.xcassets in Resources */ = {isa = PBXBuildFile; fileRef = 63C984301D42867900F7054D /* Assets.xcassets */; };
		63C984341D42867900F7054D /* LaunchScreen.storyboard in Resources */ = {isa = PBXBuildFile; fileRef = 63C984321D42867900F7054D /* LaunchScreen.storyboard */; };
		63C9843F1D42867900F7054D /* ExtensionPseudoOverrideExperimentTests.m in Sources */ = {isa = PBXBuildFile; fileRef = 63C9843E1D42867900F7054D /* ExtensionPseudoOverrideExperimentTests.m */; };
		63C9844A1D42867900F7054D /* ExtensionPseudoOverrideExperimentUITests.m in Sources */ = {isa = PBXBuildFile; fileRef = 63C984491D42867900F7054D /* ExtensionPseudoOverrideExperimentUITests.m */; };
		63C9845B1D4289F500F7054D /* ExtendableViewController+PrintHiOnViewDidLoad.m in Sources */ = {isa = PBXBuildFile; fileRef = 63C9845A1D4289F500F7054D /* ExtendableViewController+PrintHiOnViewDidLoad.m */; };
		63E3E98D1D42D4B500CA69DE /* InstanceMethod.m in Sources */ = {isa = PBXBuildFile; fileRef = 63E3E98C1D42D4B500CA69DE /* InstanceMethod.m */; };
		63E3E9911D42DA2600CA69DE /* RuntimeInspector.m in Sources */ = {isa = PBXBuildFile; fileRef = 63E3E9901D42DA2600CA69DE /* RuntimeInspector.m */; };
		63E3E9941D42E14F00CA69DE /* NSArray+Functional.m in Sources */ = {isa = PBXBuildFile; fileRef = 63E3E9931D42E14F00CA69DE /* NSArray+Functional.m */; };
/* End PBXBuildFile section */

/* Begin PBXContainerItemProxy section */
		63C9843B1D42867900F7054D /* PBXContainerItemProxy */ = {
			isa = PBXContainerItemProxy;
			containerPortal = 63C984191D42867900F7054D /* Project object */;
			proxyType = 1;
			remoteGlobalIDString = 63C984201D42867900F7054D;
			remoteInfo = ExtensionPseudoOverrideExperiment;
		};
		63C984461D42867900F7054D /* PBXContainerItemProxy */ = {
			isa = PBXContainerItemProxy;
			containerPortal = 63C984191D42867900F7054D /* Project object */;
			proxyType = 1;
			remoteGlobalIDString = 63C984201D42867900F7054D;
			remoteInfo = ExtensionPseudoOverrideExperiment;
		};
/* End PBXContainerItemProxy section */

/* Begin PBXFileReference section */
		6336584A1D4FCED10014D164 /* Subclass1VC.h */ = {isa = PBXFileReference; fileEncoding = 4; lastKnownFileType = sourcecode.c.h; path = Subclass1VC.h; sourceTree = "<group>"; };
		6336584B1D4FCED10014D164 /* Subclass1VC.m */ = {isa = PBXFileReference; fileEncoding = 4; lastKnownFileType = sourcecode.c.objc; path = Subclass1VC.m; sourceTree = "<group>"; };
		6336584D1D4FCF290014D164 /* Subclass2VC.h */ = {isa = PBXFileReference; fileEncoding = 4; lastKnownFileType = sourcecode.c.h; path = Subclass2VC.h; sourceTree = "<group>"; };
		6336584E1D4FCF290014D164 /* Subclass2VC.m */ = {isa = PBXFileReference; fileEncoding = 4; lastKnownFileType = sourcecode.c.objc; path = Subclass2VC.m; sourceTree = "<group>"; };
		63C984211D42867900F7054D /* ExtensionPseudoOverrideExperiment.app */ = {isa = PBXFileReference; explicitFileType = wrapper.application; includeInIndex = 0; path = ExtensionPseudoOverrideExperiment.app; sourceTree = BUILT_PRODUCTS_DIR; };
		63C984251D42867900F7054D /* main.m */ = {isa = PBXFileReference; lastKnownFileType = sourcecode.c.objc; path = main.m; sourceTree = "<group>"; };
		63C984271D42867900F7054D /* AppDelegate.h */ = {isa = PBXFileReference; lastKnownFileType = sourcecode.c.h; path = AppDelegate.h; sourceTree = "<group>"; };
		63C984281D42867900F7054D /* AppDelegate.m */ = {isa = PBXFileReference; lastKnownFileType = sourcecode.c.objc; path = AppDelegate.m; sourceTree = "<group>"; };
		63C9842A1D42867900F7054D /* ExtendableViewController.h */ = {isa = PBXFileReference; lastKnownFileType = sourcecode.c.h; path = ExtendableViewController.h; sourceTree = "<group>"; };
		63C9842B1D42867900F7054D /* ExtendableViewController.m */ = {isa = PBXFileReference; lastKnownFileType = sourcecode.c.objc; path = ExtendableViewController.m; sourceTree = "<group>"; };
		63C9842E1D42867900F7054D /* Base */ = {isa = PBXFileReference; lastKnownFileType = file.storyboard; name = Base; path = Base.lproj/Main.storyboard; sourceTree = "<group>"; };
		63C984301D42867900F7054D /* Assets.xcassets */ = {isa = PBXFileReference; lastKnownFileType = folder.assetcatalog; path = Assets.xcassets; sourceTree = "<group>"; };
		63C984331D42867900F7054D /* Base */ = {isa = PBXFileReference; lastKnownFileType = file.storyboard; name = Base; path = Base.lproj/LaunchScreen.storyboard; sourceTree = "<group>"; };
		63C984351D42867900F7054D /* Info.plist */ = {isa = PBXFileReference; lastKnownFileType = text.plist.xml; path = Info.plist; sourceTree = "<group>"; };
		63C9843A1D42867900F7054D /* ExtensionPseudoOverrideExperimentTests.xctest */ = {isa = PBXFileReference; explicitFileType = wrapper.cfbundle; includeInIndex = 0; path = ExtensionPseudoOverrideExperimentTests.xctest; sourceTree = BUILT_PRODUCTS_DIR; };
		63C9843E1D42867900F7054D /* ExtensionPseudoOverrideExperimentTests.m */ = {isa = PBXFileReference; lastKnownFileType = sourcecode.c.objc; path = ExtensionPseudoOverrideExperimentTests.m; sourceTree = "<group>"; };
		63C984401D42867900F7054D /* Info.plist */ = {isa = PBXFileReference; lastKnownFileType = text.plist.xml; path = Info.plist; sourceTree = "<group>"; };
		63C984451D42867900F7054D /* ExtensionPseudoOverrideExperimentUITests.xctest */ = {isa = PBXFileReference; explicitFileType = wrapper.cfbundle; includeInIndex = 0; path = ExtensionPseudoOverrideExperimentUITests.xctest; sourceTree = BUILT_PRODUCTS_DIR; };
		63C984491D42867900F7054D /* ExtensionPseudoOverrideExperimentUITests.m */ = {isa = PBXFileReference; lastKnownFileType = sourcecode.c.objc; path = ExtensionPseudoOverrideExperimentUITests.m; sourceTree = "<group>"; };
		63C9844B1D42867900F7054D /* Info.plist */ = {isa = PBXFileReference; lastKnownFileType = text.plist.xml; path = Info.plist; sourceTree = "<group>"; };
		63C984591D4289F500F7054D /* ExtendableViewController+PrintHiOnViewDidLoad.h */ = {isa = PBXFileReference; fileEncoding = 4; lastKnownFileType = sourcecode.c.h; path = "ExtendableViewController+PrintHiOnViewDidLoad.h"; sourceTree = "<group>"; };
		63C9845A1D4289F500F7054D /* ExtendableViewController+PrintHiOnViewDidLoad.m */ = {isa = PBXFileReference; fileEncoding = 4; lastKnownFileType = sourcecode.c.objc; path = "ExtendableViewController+PrintHiOnViewDidLoad.m"; sourceTree = "<group>"; };
		63E3E98B1D42D4B500CA69DE /* InstanceMethod.h */ = {isa = PBXFileReference; fileEncoding = 4; lastKnownFileType = sourcecode.c.h; path = InstanceMethod.h; sourceTree = "<group>"; };
		63E3E98C1D42D4B500CA69DE /* InstanceMethod.m */ = {isa = PBXFileReference; fileEncoding = 4; lastKnownFileType = sourcecode.c.objc; path = InstanceMethod.m; sourceTree = "<group>"; };
		63E3E98F1D42DA2600CA69DE /* RuntimeInspector.h */ = {isa = PBXFileReference; fileEncoding = 4; lastKnownFileType = sourcecode.c.h; path = RuntimeInspector.h; sourceTree = "<group>"; };
		63E3E9901D42DA2600CA69DE /* RuntimeInspector.m */ = {isa = PBXFileReference; fileEncoding = 4; lastKnownFileType = sourcecode.c.objc; path = RuntimeInspector.m; sourceTree = "<group>"; };
		63E3E9921D42E14F00CA69DE /* NSArray+Functional.h */ = {isa = PBXFileReference; fileEncoding = 4; lastKnownFileType = sourcecode.c.h; path = "NSArray+Functional.h"; sourceTree = "<group>"; };
		63E3E9931D42E14F00CA69DE /* NSArray+Functional.m */ = {isa = PBXFileReference; fileEncoding = 4; lastKnownFileType = sourcecode.c.objc; path = "NSArray+Functional.m"; sourceTree = "<group>"; };
/* End PBXFileReference section */

/* Begin PBXFrameworksBuildPhase section */
		63C9841E1D42867900F7054D /* Frameworks */ = {
			isa = PBXFrameworksBuildPhase;
			buildActionMask = 2147483647;
			files = (
			);
			runOnlyForDeploymentPostprocessing = 0;
		};
		63C984371D42867900F7054D /* Frameworks */ = {
			isa = PBXFrameworksBuildPhase;
			buildActionMask = 2147483647;
			files = (
			);
			runOnlyForDeploymentPostprocessing = 0;
		};
		63C984421D42867900F7054D /* Frameworks */ = {
			isa = PBXFrameworksBuildPhase;
			buildActionMask = 2147483647;
			files = (
			);
			runOnlyForDeploymentPostprocessing = 0;
		};
/* End PBXFrameworksBuildPhase section */

/* Begin PBXGroup section */
		633658491D4FCE7B0014D164 /* Subclasses */ = {
			isa = PBXGroup;
			children = (
				6336584A1D4FCED10014D164 /* Subclass1VC.h */,
				6336584B1D4FCED10014D164 /* Subclass1VC.m */,
				6336584D1D4FCF290014D164 /* Subclass2VC.h */,
				6336584E1D4FCF290014D164 /* Subclass2VC.m */,
			);
			name = Subclasses;
			sourceTree = "<group>";
		};
		63C984181D42867900F7054D = {
			isa = PBXGroup;
			children = (
				63C984231D42867900F7054D /* ExtensionPseudoOverrideExperiment */,
				63C9843D1D42867900F7054D /* ExtensionPseudoOverrideExperimentTests */,
				63C984481D42867900F7054D /* ExtensionPseudoOverrideExperimentUITests */,
				63C984221D42867900F7054D /* Products */,
			);
			sourceTree = "<group>";
		};
		63C984221D42867900F7054D /* Products */ = {
			isa = PBXGroup;
			children = (
				63C984211D42867900F7054D /* ExtensionPseudoOverrideExperiment.app */,
				63C9843A1D42867900F7054D /* ExtensionPseudoOverrideExperimentTests.xctest */,
				63C984451D42867900F7054D /* ExtensionPseudoOverrideExperimentUITests.xctest */,
			);
			name = Products;
			sourceTree = "<group>";
		};
		63C984231D42867900F7054D /* ExtensionPseudoOverrideExperiment */ = {
			isa = PBXGroup;
			children = (
				63C984271D42867900F7054D /* AppDelegate.h */,
				63C984281D42867900F7054D /* AppDelegate.m */,
				63C984571D4289C200F7054D /* ExtendableViewController */,
				63C9842D1D42867900F7054D /* Main.storyboard */,
				63C984301D42867900F7054D /* Assets.xcassets */,
				63C984321D42867900F7054D /* LaunchScreen.storyboard */,
				63C984351D42867900F7054D /* Info.plist */,
				63C984241D42867900F7054D /* Supporting Files */,
			);
			path = ExtensionPseudoOverrideExperiment;
			sourceTree = "<group>";
		};
		63C984241D42867900F7054D /* Supporting Files */ = {
			isa = PBXGroup;
			children = (
				63C984251D42867900F7054D /* main.m */,
			);
			name = "Supporting Files";
			sourceTree = "<group>";
		};
		63C9843D1D42867900F7054D /* ExtensionPseudoOverrideExperimentTests */ = {
			isa = PBXGroup;
			children = (
				63C9843E1D42867900F7054D /* ExtensionPseudoOverrideExperimentTests.m */,
				63C984401D42867900F7054D /* Info.plist */,
			);
			path = ExtensionPseudoOverrideExperimentTests;
			sourceTree = "<group>";
		};
		63C984481D42867900F7054D /* ExtensionPseudoOverrideExperimentUITests */ = {
			isa = PBXGroup;
			children = (
				63C984491D42867900F7054D /* ExtensionPseudoOverrideExperimentUITests.m */,
				63C9844B1D42867900F7054D /* Info.plist */,
			);
			path = ExtensionPseudoOverrideExperimentUITests;
			sourceTree = "<group>";
		};
		63C984571D4289C200F7054D /* ExtendableViewController */ = {
			isa = PBXGroup;
			children = (
				63E3E98E1D42DA0800CA69DE /* Groundwork */,
				63C9842A1D42867900F7054D /* ExtendableViewController.h */,
				63C9842B1D42867900F7054D /* ExtendableViewController.m */,
				63C984581D4289C800F7054D /* Categories */,
				633658491D4FCE7B0014D164 /* Subclasses */,
			);
			name = ExtendableViewController;
			sourceTree = "<group>";
		};
		63C984581D4289C800F7054D /* Categories */ = {
			isa = PBXGroup;
			children = (
				63C984591D4289F500F7054D /* ExtendableViewController+PrintHiOnViewDidLoad.h */,
				63C9845A1D4289F500F7054D /* ExtendableViewController+PrintHiOnViewDidLoad.m */,
			);
			name = Categories;
			sourceTree = "<group>";
		};
		63E3E98E1D42DA0800CA69DE /* Groundwork */ = {
			isa = PBXGroup;
			children = (
				63E3E9921D42E14F00CA69DE /* NSArray+Functional.h */,
				63E3E9931D42E14F00CA69DE /* NSArray+Functional.m */,
				63E3E98B1D42D4B500CA69DE /* InstanceMethod.h */,
				63E3E98C1D42D4B500CA69DE /* InstanceMethod.m */,
				63E3E98F1D42DA2600CA69DE /* RuntimeInspector.h */,
				63E3E9901D42DA2600CA69DE /* RuntimeInspector.m */,
			);
			name = Groundwork;
			sourceTree = "<group>";
		};
/* End PBXGroup section */

/* Begin PBXNativeTarget section */
		63C984201D42867900F7054D /* ExtensionPseudoOverrideExperiment */ = {
			isa = PBXNativeTarget;
			buildConfigurationList = 63C9844E1D42867900F7054D /* Build configuration list for PBXNativeTarget "ExtensionPseudoOverrideExperiment" */;
			buildPhases = (
				63C9841D1D42867900F7054D /* Sources */,
				63C9841E1D42867900F7054D /* Frameworks */,
				63C9841F1D42867900F7054D /* Resources */,
			);
			buildRules = (
			);
			dependencies = (
			);
			name = ExtensionPseudoOverrideExperiment;
			productName = ExtensionPseudoOverrideExperiment;
			productReference = 63C984211D42867900F7054D /* ExtensionPseudoOverrideExperiment.app */;
			productType = "com.apple.product-type.application";
		};
		63C984391D42867900F7054D /* ExtensionPseudoOverrideExperimentTests */ = {
			isa = PBXNativeTarget;
			buildConfigurationList = 63C984511D42867900F7054D /* Build configuration list for PBXNativeTarget "ExtensionPseudoOverrideExperimentTests" */;
			buildPhases = (
				63C984361D42867900F7054D /* Sources */,
				63C984371D42867900F7054D /* Frameworks */,
				63C984381D42867900F7054D /* Resources */,
			);
			buildRules = (
			);
			dependencies = (
				63C9843C1D42867900F7054D /* PBXTargetDependency */,
			);
			name = ExtensionPseudoOverrideExperimentTests;
			productName = ExtensionPseudoOverrideExperimentTests;
			productReference = 63C9843A1D42867900F7054D /* ExtensionPseudoOverrideExperimentTests.xctest */;
			productType = "com.apple.product-type.bundle.unit-test";
		};
		63C984441D42867900F7054D /* ExtensionPseudoOverrideExperimentUITests */ = {
			isa = PBXNativeTarget;
			buildConfigurationList = 63C984541D42867900F7054D /* Build configuration list for PBXNativeTarget "ExtensionPseudoOverrideExperimentUITests" */;
			buildPhases = (
				63C984411D42867900F7054D /* Sources */,
				63C984421D42867900F7054D /* Frameworks */,
				63C984431D42867900F7054D /* Resources */,
			);
			buildRules = (
			);
			dependencies = (
				63C984471D42867900F7054D /* PBXTargetDependency */,
			);
			name = ExtensionPseudoOverrideExperimentUITests;
			productName = ExtensionPseudoOverrideExperimentUITests;
			productReference = 63C984451D42867900F7054D /* ExtensionPseudoOverrideExperimentUITests.xctest */;
			productType = "com.apple.product-type.bundle.ui-testing";
		};
/* End PBXNativeTarget section */

/* Begin PBXProject section */
		63C984191D42867900F7054D /* Project object */ = {
			isa = PBXProject;
			attributes = {
				LastUpgradeCheck = 0730;
				ORGANIZATIONNAME = "Atai Barkai";
				TargetAttributes = {
					63C984201D42867900F7054D = {
						CreatedOnToolsVersion = 7.3.1;
					};
					63C984391D42867900F7054D = {
						CreatedOnToolsVersion = 7.3.1;
						TestTargetID = 63C984201D42867900F7054D;
					};
					63C984441D42867900F7054D = {
						CreatedOnToolsVersion = 7.3.1;
						TestTargetID = 63C984201D42867900F7054D;
					};
				};
			};
			buildConfigurationList = 63C9841C1D42867900F7054D /* Build configuration list for PBXProject "ExtensionPseudoOverrideExperiment" */;
			compatibilityVersion = "Xcode 3.2";
			developmentRegion = English;
			hasScannedForEncodings = 0;
			knownRegions = (
				en,
				Base,
			);
			mainGroup = 63C984181D42867900F7054D;
			productRefGroup = 63C984221D42867900F7054D /* Products */;
			projectDirPath = "";
			projectRoot = "";
			targets = (
				63C984201D42867900F7054D /* ExtensionPseudoOverrideExperiment */,
				63C984391D42867900F7054D /* ExtensionPseudoOverrideExperimentTests */,
				63C984441D42867900F7054D /* ExtensionPseudoOverrideExperimentUITests */,
			);
		};
/* End PBXProject section */

/* Begin PBXResourcesBuildPhase section */
		63C9841F1D42867900F7054D /* Resources */ = {
			isa = PBXResourcesBuildPhase;
			buildActionMask = 2147483647;
			files = (
				63C984341D42867900F7054D /* LaunchScreen.storyboard in Resources */,
				63C984311D42867900F7054D /* Assets.xcassets in Resources */,
				63C9842F1D42867900F7054D /* Main.storyboard in Resources */,
			);
			runOnlyForDeploymentPostprocessing = 0;
		};
		63C984381D42867900F7054D /* Resources */ = {
			isa = PBXResourcesBuildPhase;
			buildActionMask = 2147483647;
			files = (
			);
			runOnlyForDeploymentPostprocessing = 0;
		};
		63C984431D42867900F7054D /* Resources */ = {
			isa = PBXResourcesBuildPhase;
			buildActionMask = 2147483647;
			files = (
			);
			runOnlyForDeploymentPostprocessing = 0;
		};
/* End PBXResourcesBuildPhase section */

/* Begin PBXSourcesBuildPhase section */
		63C9841D1D42867900F7054D /* Sources */ = {
			isa = PBXSourcesBuildPhase;
			buildActionMask = 2147483647;
			files = (
				6336584F1D4FCF290014D164 /* Subclass2VC.m in Sources */,
				63C9842C1D42867900F7054D /* ExtendableViewController.m in Sources */,
				63C984291D42867900F7054D /* AppDelegate.m in Sources */,
				6336584C1D4FCED10014D164 /* Subclass1VC.m in Sources */,
				63E3E9911D42DA2600CA69DE /* RuntimeInspector.m in Sources */,
				63E3E98D1D42D4B500CA69DE /* InstanceMethod.m in Sources */,
				63E3E9941D42E14F00CA69DE /* NSArray+Functional.m in Sources */,
				63C984261D42867900F7054D /* main.m in Sources */,
				63C9845B1D4289F500F7054D /* ExtendableViewController+PrintHiOnViewDidLoad.m in Sources */,
			);
			runOnlyForDeploymentPostprocessing = 0;
		};
		63C984361D42867900F7054D /* Sources */ = {
			isa = PBXSourcesBuildPhase;
			buildActionMask = 2147483647;
			files = (
				63C9843F1D42867900F7054D /* ExtensionPseudoOverrideExperimentTests.m in Sources */,
			);
			runOnlyForDeploymentPostprocessing = 0;
		};
		63C984411D42867900F7054D /* Sources */ = {
			isa = PBXSourcesBuildPhase;
			buildActionMask = 2147483647;
			files = (
				63C9844A1D42867900F7054D /* ExtensionPseudoOverrideExperimentUITests.m in Sources */,
			);
			runOnlyForDeploymentPostprocessing = 0;
		};
/* End PBXSourcesBuildPhase section */

/* Begin PBXTargetDependency section */
		63C9843C1D42867900F7054D /* PBXTargetDependency */ = {
			isa = PBXTargetDependency;
			target = 63C984201D42867900F7054D /* ExtensionPseudoOverrideExperiment */;
			targetProxy = 63C9843B1D42867900F7054D /* PBXContainerItemProxy */;
		};
		63C984471D42867900F7054D /* PBXTargetDependency */ = {
			isa = PBXTargetDependency;
			target = 63C984201D42867900F7054D /* ExtensionPseudoOverrideExperiment */;
			targetProxy = 63C984461D42867900F7054D /* PBXContainerItemProxy */;
		};
/* End PBXTargetDependency section */

/* Begin PBXVariantGroup section */
		63C9842D1D42867900F7054D /* Main.storyboard */ = {
			isa = PBXVariantGroup;
			children = (
				63C9842E1D42867900F7054D /* Base */,
			);
			name = Main.storyboard;
			sourceTree = "<group>";
		};
		63C984321D42867900F7054D /* LaunchScreen.storyboard */ = {
			isa = PBXVariantGroup;
			children = (
				63C984331D42867900F7054D /* Base */,
			);
			name = LaunchScreen.storyboard;
			sourceTree = "<group>";
		};
/* End PBXVariantGroup section */

/* Begin XCBuildConfiguration section */
		63C9844C1D42867900F7054D /* Debug */ = {
			isa = XCBuildConfiguration;
			buildSettings = {
				ALWAYS_SEARCH_USER_PATHS = NO;
				CLANG_ANALYZER_NONNULL = YES;
				CLANG_CXX_LANGUAGE_STANDARD = "gnu++0x";
				CLANG_CXX_LIBRARY = "libc++";
				CLANG_ENABLE_MODULES = YES;
				CLANG_ENABLE_OBJC_ARC = YES;
				CLANG_WARN_BOOL_CONVERSION = YES;
				CLANG_WARN_CONSTANT_CONVERSION = YES;
				CLANG_WARN_DIRECT_OBJC_ISA_USAGE = YES_ERROR;
				CLANG_WARN_EMPTY_BODY = YES;
				CLANG_WARN_ENUM_CONVERSION = YES;
				CLANG_WARN_INT_CONVERSION = YES;
				CLANG_WARN_OBJC_ROOT_CLASS = YES_ERROR;
				CLANG_WARN_UNREACHABLE_CODE = YES;
				CLANG_WARN__DUPLICATE_METHOD_MATCH = YES;
				"CODE_SIGN_IDENTITY[sdk=iphoneos*]" = "iPhone Developer";
				COPY_PHASE_STRIP = NO;
				DEBUG_INFORMATION_FORMAT = dwarf;
				ENABLE_STRICT_OBJC_MSGSEND = YES;
				ENABLE_TESTABILITY = YES;
				GCC_C_LANGUAGE_STANDARD = gnu99;
				GCC_DYNAMIC_NO_PIC = NO;
				GCC_NO_COMMON_BLOCKS = YES;
				GCC_OPTIMIZATION_LEVEL = 0;
				GCC_PREPROCESSOR_DEFINITIONS = (
					"DEBUG=1",
					"$(inherited)",
				);
				GCC_WARN_64_TO_32_BIT_CONVERSION = YES;
				GCC_WARN_ABOUT_RETURN_TYPE = YES_ERROR;
				GCC_WARN_UNDECLARED_SELECTOR = YES;
				GCC_WARN_UNINITIALIZED_AUTOS = YES_AGGRESSIVE;
				GCC_WARN_UNUSED_FUNCTION = YES;
				GCC_WARN_UNUSED_VARIABLE = YES;
				IPHONEOS_DEPLOYMENT_TARGET = 9.3;
				MTL_ENABLE_DEBUG_INFO = YES;
				ONLY_ACTIVE_ARCH = YES;
				SDKROOT = iphoneos;
				TARGETED_DEVICE_FAMILY = "1,2";
			};
			name = Debug;
		};
		63C9844D1D42867900F7054D /* Release */ = {
			isa = XCBuildConfiguration;
			buildSettings = {
				ALWAYS_SEARCH_USER_PATHS = NO;
				CLANG_ANALYZER_NONNULL = YES;
				CLANG_CXX_LANGUAGE_STANDARD = "gnu++0x";
				CLANG_CXX_LIBRARY = "libc++";
				CLANG_ENABLE_MODULES = YES;
				CLANG_ENABLE_OBJC_ARC = YES;
				CLANG_WARN_BOOL_CONVERSION = YES;
				CLANG_WARN_CONSTANT_CONVERSION = YES;
				CLANG_WARN_DIRECT_OBJC_ISA_USAGE = YES_ERROR;
				CLANG_WARN_EMPTY_BODY = YES;
				CLANG_WARN_ENUM_CONVERSION = YES;
				CLANG_WARN_INT_CONVERSION = YES;
				CLANG_WARN_OBJC_ROOT_CLASS = YES_ERROR;
				CLANG_WARN_UNREACHABLE_CODE = YES;
				CLANG_WARN__DUPLICATE_METHOD_MATCH = YES;
				"CODE_SIGN_IDENTITY[sdk=iphoneos*]" = "iPhone Developer";
				COPY_PHASE_STRIP = NO;
				DEBUG_INFORMATION_FORMAT = "dwarf-with-dsym";
				ENABLE_NS_ASSERTIONS = NO;
				ENABLE_STRICT_OBJC_MSGSEND = YES;
				GCC_C_LANGUAGE_STANDARD = gnu99;
				GCC_NO_COMMON_BLOCKS = YES;
				GCC_WARN_64_TO_32_BIT_CONVERSION = YES;
				GCC_WARN_ABOUT_RETURN_TYPE = YES_ERROR;
				GCC_WARN_UNDECLARED_SELECTOR = YES;
				GCC_WARN_UNINITIALIZED_AUTOS = YES_AGGRESSIVE;
				GCC_WARN_UNUSED_FUNCTION = YES;
				GCC_WARN_UNUSED_VARIABLE = YES;
				IPHONEOS_DEPLOYMENT_TARGET = 9.3;
				MTL_ENABLE_DEBUG_INFO = NO;
				SDKROOT = iphoneos;
				TARGETED_DEVICE_FAMILY = "1,2";
				VALIDATE_PRODUCT = YES;
			};
			name = Release;
		};
		63C9844F1D42867900F7054D /* Debug */ = {
			isa = XCBuildConfiguration;
			buildSettings = {
				ASSETCATALOG_COMPILER_APPICON_NAME = AppIcon;
				INFOPLIST_FILE = ExtensionPseudoOverrideExperiment/Info.plist;
				LD_RUNPATH_SEARCH_PATHS = "$(inherited) @executable_path/Frameworks";
				PRODUCT_BUNDLE_IDENTIFIER = Doximity.ExtensionPseudoOverrideExperiment;
				PRODUCT_NAME = "$(TARGET_NAME)";
			};
			name = Debug;
		};
		63C984501D42867900F7054D /* Release */ = {
			isa = XCBuildConfiguration;
			buildSettings = {
				ASSETCATALOG_COMPILER_APPICON_NAME = AppIcon;
				INFOPLIST_FILE = ExtensionPseudoOverrideExperiment/Info.plist;
				LD_RUNPATH_SEARCH_PATHS = "$(inherited) @executable_path/Frameworks";
				PRODUCT_BUNDLE_IDENTIFIER = Doximity.ExtensionPseudoOverrideExperiment;
				PRODUCT_NAME = "$(TARGET_NAME)";
			};
			name = Release;
		};
		63C984521D42867900F7054D /* Debug */ = {
			isa = XCBuildConfiguration;
			buildSettings = {
				BUNDLE_LOADER = "$(TEST_HOST)";
				INFOPLIST_FILE = ExtensionPseudoOverrideExperimentTests/Info.plist;
				LD_RUNPATH_SEARCH_PATHS = "$(inherited) @executable_path/Frameworks @loader_path/Frameworks";
				PRODUCT_BUNDLE_IDENTIFIER = Doximity.ExtensionPseudoOverrideExperimentTests;
				PRODUCT_NAME = "$(TARGET_NAME)";
				TEST_HOST = "$(BUILT_PRODUCTS_DIR)/ExtensionPseudoOverrideExperiment.app/ExtensionPseudoOverrideExperiment";
			};
			name = Debug;
		};
		63C984531D42867900F7054D /* Release */ = {
			isa = XCBuildConfiguration;
			buildSettings = {
				BUNDLE_LOADER = "$(TEST_HOST)";
				INFOPLIST_FILE = ExtensionPseudoOverrideExperimentTests/Info.plist;
				LD_RUNPATH_SEARCH_PATHS = "$(inherited) @executable_path/Frameworks @loader_path/Frameworks";
				PRODUCT_BUNDLE_IDENTIFIER = Doximity.ExtensionPseudoOverrideExperimentTests;
				PRODUCT_NAME = "$(TARGET_NAME)";
				TEST_HOST = "$(BUILT_PRODUCTS_DIR)/ExtensionPseudoOverrideExperiment.app/ExtensionPseudoOverrideExperiment";
			};
			name = Release;
		};
		63C984551D42867900F7054D /* Debug */ = {
			isa = XCBuildConfiguration;
			buildSettings = {
				INFOPLIST_FILE = ExtensionPseudoOverrideExperimentUITests/Info.plist;
				LD_RUNPATH_SEARCH_PATHS = "$(inherited) @executable_path/Frameworks @loader_path/Frameworks";
				PRODUCT_BUNDLE_IDENTIFIER = Doximity.ExtensionPseudoOverrideExperimentUITests;
				PRODUCT_NAME = "$(TARGET_NAME)";
				TEST_TARGET_NAME = ExtensionPseudoOverrideExperiment;
			};
			name = Debug;
		};
		63C984561D42867900F7054D /* Release */ = {
			isa = XCBuildConfiguration;
			buildSettings = {
				INFOPLIST_FILE = ExtensionPseudoOverrideExperimentUITests/Info.plist;
				LD_RUNPATH_SEARCH_PATHS = "$(inherited) @executable_path/Frameworks @loader_path/Frameworks";
				PRODUCT_BUNDLE_IDENTIFIER = Doximity.ExtensionPseudoOverrideExperimentUITests;
				PRODUCT_NAME = "$(TARGET_NAME)";
				TEST_TARGET_NAME = ExtensionPseudoOverrideExperiment;
			};
			name = Release;
		};
/* End XCBuildConfiguration section */

/* Begin XCConfigurationList section */
		63C9841C1D42867900F7054D /* Build configuration list for PBXProject "ExtensionPseudoOverrideExperiment" */ = {
			isa = XCConfigurationList;
			buildConfigurations = (
				63C9844C1D42867900F7054D /* Debug */,
				63C9844D1D42867900F7054D /* Release */,
			);
			defaultConfigurationIsVisible = 0;
			defaultConfigurationName = Release;
		};
		63C9844E1D42867900F7054D /* Build configuration list for PBXNativeTarget "ExtensionPseudoOverrideExperiment" */ = {
			isa = XCConfigurationList;
			buildConfigurations = (
				63C9844F1D42867900F7054D /* Debug */,
				63C984501D42867900F7054D /* Release */,
			);
			defaultConfigurationIsVisible = 0;
			defaultConfigurationName = Release;
		};
		63C984511D42867900F7054D /* Build configuration list for PBXNativeTarget "ExtensionPseudoOverrideExperimentTests" */ = {
			isa = XCConfigurationList;
			buildConfigurations = (
				63C984521D42867900F7054D /* Debug */,
				63C984531D42867900F7054D /* Release */,
			);
			defaultConfigurationIsVisible = 0;
			defaultConfigurationName = Release;
		};
		63C984541D42867900F7054D /* Build configuration list for PBXNativeTarget "ExtensionPseudoOverrideExperimentUITests" */ = {
			isa = XCConfigurationList;
			buildConfigurations = (
				63C984551D42867900F7054D /* Debug */,
				63C984561D42867900F7054D /* Release */,
			);
			defaultConfigurationIsVisible = 0;
			defaultConfigurationName = Release;
		};
/* End XCConfigurationList section */
	};
	rootObject = 63C984191D42867900F7054D /* Project object */;
}
